
Microsoft Visual Studio Solution File, Format Version 12.00
# Visual Studio Version 17
VisualStudioVersion = 17.7.34024.191
MinimumVisualStudioVersion = 10.0.40219.1
Project("{FAE04EC0-301F-11D3-BF4B-00C04F79EFBC}") = "LMSROUTINGAPI", "LMSROUTINGAPI.csproj", "{3415BE58-6CB3-4CF9-9E1D-1373F4FBA841}"
EndProject
Global
	GlobalSection(SolutionConfigurationPlatforms) = preSolution
		Debug|Any CPU = Debug|Any CPU
		Release|Any CPU = Release|Any CPU
	EndGlobalSection
	GlobalSection(ProjectConfigurationPlatforms) = postSolution
		{3415BE58-6CB3-4CF9-9E1D-1373F4FBA841}.Debug|Any CPU.ActiveCfg = Debug|Any CPU
		{3415BE58-6CB3-4CF9-9E1D-1373F4FBA841}.Debug|Any CPU.Build.0 = Debug|Any CPU
		{3415BE58-6CB3-4CF9-9E1D-1373F4FBA841}.Release|Any CPU.ActiveCfg = Release|Any CPU
		{3415BE58-6CB3-4CF9-9E1D-1373F4FBA841}.Release|Any CPU.Build.0 = Release|Any CPU
	EndGlobalSection
	GlobalSection(SolutionProperties) = preSolution
		HideSolutionNode = FALSE
	EndGlobalSection
	GlobalSection(ExtensibilityGlobals) = postSolution
		SolutionGuid = {9F6F9F86-8111-45B9-9F48-1488FA8C9A54}
	EndGlobalSection
EndGlobal
